
Microsoft Visual Studio Solution File, Format Version 12.00
# Visual Studio Version 16
VisualStudioVersion = 16.0.31025.194
MinimumVisualStudioVersion = 10.0.40219.1
Project("{FAE04EC0-301F-11D3-BF4B-00C04F79EFBC}") = "LabS2.1", "LabS2.1\LabS2.1.csproj", "{4EE45EA6-53EE-43E7-82F7-31DE437CBF63}"
EndProject
Global
	GlobalSection(SolutionConfigurationPlatforms) = preSolution
		Debug|Any CPU = Debug|Any CPU
		Release|Any CPU = Release|Any CPU
	EndGlobalSection
	GlobalSection(ProjectConfigurationPlatforms) = postSolution
		{4EE45EA6-53EE-43E7-82F7-31DE437CBF63}.Debug|Any CPU.ActiveCfg = Debug|Any CPU
		{4EE45EA6-53EE-43E7-82F7-31DE437CBF63}.Debug|Any CPU.Build.0 = Debug|Any CPU
		{4EE45EA6-53EE-43E7-82F7-31DE437CBF63}.Release|Any CPU.ActiveCfg = Release|Any CPU
		{4EE45EA6-53EE-43E7-82F7-31DE437CBF63}.Release|Any CPU.Build.0 = Release|Any CPU
	EndGlobalSection
	GlobalSection(SolutionProperties) = preSolution
		HideSolutionNode = FALSE
	EndGlobalSection
	GlobalSection(ExtensibilityGlobals) = postSolution
		SolutionGuid = {4DEE9233-808A-44F4-9357-1193337F9B59}
	EndGlobalSection
EndGlobal
